// !$*UTF8*$!
{
	archiveVersion = 1;
	classes = {
	};
	objectVersion = 46;
	objects = {

/* Begin PBXBuildFile section */
		34FB387B1DC8CF10007A947A /* AppDelegate.swift in Sources */ = {isa = PBXBuildFile; fileRef = 34FB387A1DC8CF10007A947A /* AppDelegate.swift */; };
		34FB387D1DC8CF10007A947A /* ViewController.swift in Sources */ = {isa = PBXBuildFile; fileRef = 34FB387C1DC8CF10007A947A /* ViewController.swift */; };
		34FB38801DC8CF10007A947A /* Main.storyboard in Resources */ = {isa = PBXBuildFile; fileRef = 34FB387E1DC8CF10007A947A /* Main.storyboard */; };
		34FB38821DC8CF10007A947A /* Assets.xcassets in Resources */ = {isa = PBXBuildFile; fileRef = 34FB38811DC8CF10007A947A /* Assets.xcassets */; };
		34FB38851DC8CF10007A947A /* LaunchScreen.storyboard in Resources */ = {isa = PBXBuildFile; fileRef = 34FB38831DC8CF10007A947A /* LaunchScreen.storyboard */; };
/* End PBXBuildFile section */

/* Begin PBXFileReference section */
		34FB38771DC8CF10007A947A /* SkiFahrer.app */ = {isa = PBXFileReference; explicitFileType = wrapper.application; includeInIndex = 0; path = SkiFahrer.app; sourceTree = BUILT_PRODUCTS_DIR; };
		34FB387A1DC8CF10007A947A /* AppDelegate.swift */ = {isa = PBXFileReference; lastKnownFileType = sourcecode.swift; path = AppDelegate.swift; sourceTree = "<group>"; };
		34FB387C1DC8CF10007A947A /* ViewController.swift */ = {isa = PBXFileReference; lastKnownFileType = sourcecode.swift; path = ViewController.swift; sourceTree = "<group>"; };
		34FB387F1DC8CF10007A947A /* Base */ = {isa = PBXFileReference; lastKnownFileType = file.storyboard; name = Base; path = Base.lproj/Main.storyboard; sourceTree = "<group>"; };
		34FB38811DC8CF10007A947A /* Assets.xcassets */ = {isa = PBXFileReference; lastKnownFileType = folder.assetcatalog; path = Assets.xcassets; sourceTree = "<group>"; };
		34FB38841DC8CF10007A947A /* Base */ = {isa = PBXFileReference; lastKnownFileType = file.storyboard; name = Base; path = Base.lproj/LaunchScreen.storyboard; sourceTree = "<group>"; };
		34FB38861DC8CF10007A947A /* Info.plist */ = {isa = PBXFileReference; lastKnownFileType = text.plist.xml; path = Info.plist; sourceTree = "<group>"; };
/* End PBXFileReference section */

/* Begin PBXFrameworksBuildPhase section */
		34FB38741DC8CF10007A947A /* Frameworks */ = {
			isa = PBXFrameworksBuildPhase;
			buildActionMask = 2147483647;
			files = (
			);
			runOnlyForDeploymentPostprocessing = 0;
		};
/* End PBXFrameworksBuildPhase section */

/* Begin PBXGroup section */
		34FB386E1DC8CF10007A947A = {
			isa = PBXGroup;
			children = (
				34FB38791DC8CF10007A947A /* SkiFahrer */,
				34FB38781DC8CF10007A947A /* Products */,
			);
			sourceTree = "<group>";
		};
		34FB38781DC8CF10007A947A /* Products */ = {
			isa = PBXGroup;
			children = (
				34FB38771DC8CF10007A947A /* SkiFahrer.app */,
			);
			name = Products;
			sourceTree = "<group>";
		};
		34FB38791DC8CF10007A947A /* SkiFahrer */ = {
			isa = PBXGroup;
			children = (
				34FB387A1DC8CF10007A947A /* AppDelegate.swift */,
				34FB387C1DC8CF10007A947A /* ViewController.swift */,
				34FB387E1DC8CF10007A947A /* Main.storyboard */,
				34FB38811DC8CF10007A947A /* Assets.xcassets */,
				34FB38831DC8CF10007A947A /* LaunchScreen.storyboard */,
				34FB38861DC8CF10007A947A /* Info.plist */,
			);
			path = SkiFahrer;
			sourceTree = "<group>";
		};
/* End PBXGroup section */

/* Begin PBXNativeTarget section */
		34FB38761DC8CF10007A947A /* SkiFahrer */ = {
			isa = PBXNativeTarget;
			buildConfigurationList = 34FB38891DC8CF10007A947A /* Build configuration list for PBXNativeTarget "SkiFahrer" */;
			buildPhases = (
				34FB38731DC8CF10007A947A /* Sources */,
				34FB38741DC8CF10007A947A /* Frameworks */,
				34FB38751DC8CF10007A947A /* Resources */,
			);
			buildRules = (
			);
			dependencies = (
			);
			name = SkiFahrer;
			productName = SkiFahrer;
			productReference = 34FB38771DC8CF10007A947A /* SkiFahrer.app */;
			productType = "com.apple.product-type.application";
		};
/* End PBXNativeTarget section */

/* Begin PBXProject section */
		34FB386F1DC8CF10007A947A /* Project object */ = {
			isa = PBXProject;
			attributes = {
				LastSwiftUpdateCheck = 0800;
				LastUpgradeCheck = 0800;
				ORGANIZATIONNAME = reza;
				TargetAttributes = {
					34FB38761DC8CF10007A947A = {
						CreatedOnToolsVersion = 8.0;
						ProvisioningStyle = Automatic;
					};
				};
			};
			buildConfigurationList = 34FB38721DC8CF10007A947A /* Build configuration list for PBXProject "SkiFahrer" */;
			compatibilityVersion = "Xcode 3.2";
			developmentRegion = English;
			hasScannedForEncodings = 0;
			knownRegions = (
				en,
				Base,
			);
			mainGroup = 34FB386E1DC8CF10007A947A;
			productRefGroup = 34FB38781DC8CF10007A947A /* Products */;
			projectDirPath = "";
			projectRoot = "";
			targets = (
				34FB38761DC8CF10007A947A /* SkiFahrer */,
			);
		};
/* End PBXProject section */

/* Begin PBXResourcesBuildPhase section */
		34FB38751DC8CF10007A947A /* Resources */ = {
			isa = PBXResourcesBuildPhase;
			buildActionMask = 2147483647;
			files = (
				34FB38851DC8CF10007A947A /* LaunchScreen.storyboard in Resources */,
				34FB38821DC8CF10007A947A /* Assets.xcassets in Resources */,
				34FB38801DC8CF10007A947A /* Main.storyboard in Resources */,
			);
			runOnlyForDeploymentPostprocessing = 0;
		};
/* End PBXResourcesBuildPhase section */

/* Begin PBXSourcesBuildPhase section */
		34FB38731DC8CF10007A947A /* Sources */ = {
			isa = PBXSourcesBuildPhase;
			buildActionMask = 2147483647;
			files = (
				34FB387D1DC8CF10007A947A /* ViewController.swift in Sources */,
				34FB387B1DC8CF10007A947A /* AppDelegate.swift in Sources */,
			);
			runOnlyForDeploymentPostprocessing = 0;
		};
/* End PBXSourcesBuildPhase section */

/* Begin PBXVariantGroup section */
		34FB387E1DC8CF10007A947A /* Main.storyboard */ = {
			isa = PBXVariantGroup;
			children = (
				34FB387F1DC8CF10007A947A /* Base */,
			);
			name = Main.storyboard;
			sourceTree = "<group>";
		};
		34FB38831DC8CF10007A947A /* LaunchScreen.storyboard */ = {
			isa = PBXVariantGroup;
			children = (
				34FB38841DC8CF10007A947A /* Base */,
			);
			name = LaunchScreen.storyboard;
			sourceTree = "<group>";
		};
/* End PBXVariantGroup section */

/* Begin XCBuildConfiguration section */
		34FB38871DC8CF10007A947A /* Debug */ = {
			isa = XCBuildConfiguration;
			buildSettings = {
				ALWAYS_SEARCH_USER_PATHS = NO;
				CLANG_ANALYZER_NONNULL = YES;
				CLANG_CXX_LANGUAGE_STANDARD = "gnu++0x";
				CLANG_CXX_LIBRARY = "libc++";
				CLANG_ENABLE_MODULES = YES;
				CLANG_ENABLE_OBJC_ARC = YES;
				CLANG_WARN_BOOL_CONVERSION = YES;
				CLANG_WARN_CONSTANT_CONVERSION = YES;
				CLANG_WARN_DIRECT_OBJC_ISA_USAGE = YES_ERROR;
				CLANG_WARN_DOCUMENTATION_COMMENTS = YES;
				CLANG_WARN_EMPTY_BODY = YES;
				CLANG_WARN_ENUM_CONVERSION = YES;
				CLANG_WARN_INFINITE_RECURSION = YES;
				CLANG_WARN_INT_CONVERSION = YES;
				CLANG_WARN_OBJC_ROOT_CLASS = YES_ERROR;
				CLANG_WARN_SUSPICIOUS_MOVES = YES;
				CLANG_WARN_UNREACHABLE_CODE = YES;
				CLANG_WARN__DUPLICATE_METHOD_MATCH = YES;
				"CODE_SIGN_IDENTITY[sdk=iphoneos*]" = "iPhone Developer";
				COPY_PHASE_STRIP = NO;
				DEBUG_INFORMATION_FORMAT = dwarf;
				ENABLE_STRICT_OBJC_MSGSEND = YES;
				ENABLE_TESTABILITY = YES;
				GCC_C_LANGUAGE_STANDARD = gnu99;
				GCC_DYNAMIC_NO_PIC = NO;
				GCC_NO_COMMON_BLOCKS = YES;
				GCC_OPTIMIZATION_LEVEL = 0;
				GCC_PREPROCESSOR_DEFINITIONS = (
					"DEBUG=1",
					"$(inherited)",
				);
				GCC_WARN_64_TO_32_BIT_CONVERSION = YES;
				GCC_WARN_ABOUT_RETURN_TYPE = YES_ERROR;
				GCC_WARN_UNDECLARED_SELECTOR = YES;
				GCC_WARN_UNINITIALIZED_AUTOS = YES_AGGRESSIVE;
				GCC_WARN_UNUSED_FUNCTION = YES;
				GCC_WARN_UNUSED_VARIABLE = YES;
				IPHONEOS_DEPLOYMENT_TARGET = 10.0;
				MTL_ENABLE_DEBUG_INFO = YES;
				ONLY_ACTIVE_ARCH = YES;
				SDKROOT = iphoneos;
				SWIFT_ACTIVE_COMPILATION_CONDITIONS = DEBUG;
				SWIFT_OPTIMIZATION_LEVEL = "-Onone";
				TARGETED_DEVICE_FAMILY = "1,2";
			};
			name = Debug;
		};
		34FB38881DC8CF10007A947A /* Release */ = {
			isa = XCBuildConfiguration;
			buildSettings = {
				ALWAYS_SEARCH_USER_PATHS = NO;
				CLANG_ANALYZER_NONNULL = YES;
				CLANG_CXX_LANGUAGE_STANDARD = "gnu++0x";
				CLANG_CXX_LIBRARY = "libc++";
				CLANG_ENABLE_MODULES = YES;
				CLANG_ENABLE_OBJC_ARC = YES;
				CLANG_WARN_BOOL_CONVERSION = YES;
				CLANG_WARN_CONSTANT_CONVERSION = YES;
				CLANG_WARN_DIRECT_OBJC_ISA_USAGE = YES_ERROR;
				CLANG_WARN_DOCUMENTATION_COMMENTS = YES;
				CLANG_WARN_EMPTY_BODY = YES;
				CLANG_WARN_ENUM_CONVERSION = YES;
				CLANG_WARN_INFINITE_RECURSION = YES;
				CLANG_WARN_INT_CONVERSION = YES;
				CLANG_WARN_OBJC_ROOT_CLASS = YES_ERROR;
				CLANG_WARN_SUSPICIOUS_MOVES = YES;
				CLANG_WARN_UNREACHABLE_CODE = YES;
				CLANG_WARN__DUPLICATE_METHOD_MATCH = YES;
				"CODE_SIGN_IDENTITY[sdk=iphoneos*]" = "iPhone Developer";
				COPY_PHASE_STRIP = NO;
				DEBUG_INFORMATION_FORMAT = "dwarf-with-dsym";
				ENABLE_NS_ASSERTIONS = NO;
				ENABLE_STRICT_OBJC_MSGSEND = YES;
				GCC_C_LANGUAGE_STANDARD = gnu99;
				GCC_NO_COMMON_BLOCKS = YES;
				GCC_WARN_64_TO_32_BIT_CONVERSION = YES;
				GCC_WARN_ABOUT_RETURN_TYPE = YES_ERROR;
				GCC_WARN_UNDECLARED_SELECTOR = YES;
				GCC_WARN_UNINITIALIZED_AUTOS = YES_AGGRESSIVE;
				GCC_WARN_UNUSED_FUNCTION = YES;
				GCC_WARN_UNUSED_VARIABLE = YES;
				IPHONEOS_DEPLOYMENT_TARGET = 10.0;
				MTL_ENABLE_DEBUG_INFO = NO;
				SDKROOT = iphoneos;
				SWIFT_OPTIMIZATION_LEVEL = "-Owholemodule";
				TARGETED_DEVICE_FAMILY = "1,2";
				VALIDATE_PRODUCT = YES;
			};
			name = Release;
		};
		34FB388A1DC8CF10007A947A /* Debug */ = {
			isa = XCBuildConfiguration;
			buildSettings = {
				ASSETCATALOG_COMPILER_APPICON_NAME = AppIcon;
				INFOPLIST_FILE = SkiFahrer/Info.plist;
				LD_RUNPATH_SEARCH_PATHS = "$(inherited) @executable_path/Frameworks";
				PRODUCT_BUNDLE_IDENTIFIER = htw.SkiFahrer;
				PRODUCT_NAME = "$(TARGET_NAME)";
				SWIFT_VERSION = 3.0;
			};
			name = Debug;
		};
		34FB388B1DC8CF10007A947A /* Release */ = {
			isa = XCBuildConfiguration;
			buildSettings = {
				ASSETCATALOG_COMPILER_APPICON_NAME = AppIcon;
				INFOPLIST_FILE = SkiFahrer/Info.plist;
				LD_RUNPATH_SEARCH_PATHS = "$(inherited) @executable_path/Frameworks";
				PRODUCT_BUNDLE_IDENTIFIER = htw.SkiFahrer;
				PRODUCT_NAME = "$(TARGET_NAME)";
				SWIFT_VERSION = 3.0;
			};
			name = Release;
		};
/* End XCBuildConfiguration section */

/* Begin XCConfigurationList section */
		34FB38721DC8CF10007A947A /* Build configuration list for PBXProject "SkiFahrer" */ = {
			isa = XCConfigurationList;
			buildConfigurations = (
				34FB38871DC8CF10007A947A /* Debug */,
				34FB38881DC8CF10007A947A /* Release */,
			);
			defaultConfigurationIsVisible = 0;
			defaultConfigurationName = Release;
		};
		34FB38891DC8CF10007A947A /* Build configuration list for PBXNativeTarget "SkiFahrer" */ = {
			isa = XCConfigurationList;
			buildConfigurations = (
				34FB388A1DC8CF10007A947A /* Debug */,
				34FB388B1DC8CF10007A947A /* Release */,
			);
			defaultConfigurationIsVisible = 0;
		};
/* End XCConfigurationList section */
	};
	rootObject = 34FB386F1DC8CF10007A947A /* Project object */;
}
